
Microsoft Visual Studio Solution File, Format Version 12.00
# Visual Studio Version 16
VisualStudioVersion = 16.0.32228.343
MinimumVisualStudioVersion = 10.0.40219.1
Project("{9A19103F-16F7-4668-BE54-9A1E7A4F7556}") = "ConstructPrac", "ConstructPrac.csproj", "{DB55BC6F-6C20-45AE-AD22-6B70840A52CE}"
EndProject
Global
	GlobalSection(SolutionConfigurationPlatforms) = preSolution
		Debug|Any CPU = Debug|Any CPU
		Release|Any CPU = Release|Any CPU
	EndGlobalSection
	GlobalSection(ProjectConfigurationPlatforms) = postSolution
		{DB55BC6F-6C20-45AE-AD22-6B70840A52CE}.Debug|Any CPU.ActiveCfg = Debug|Any CPU
		{DB55BC6F-6C20-45AE-AD22-6B70840A52CE}.Debug|Any CPU.Build.0 = Debug|Any CPU
		{DB55BC6F-6C20-45AE-AD22-6B70840A52CE}.Release|Any CPU.ActiveCfg = Release|Any CPU
		{DB55BC6F-6C20-45AE-AD22-6B70840A52CE}.Release|Any CPU.Build.0 = Release|Any CPU
	EndGlobalSection
	GlobalSection(SolutionProperties) = preSolution
		HideSolutionNode = FALSE
	EndGlobalSection
	GlobalSection(ExtensibilityGlobals) = postSolution
		SolutionGuid = {F3F8E468-DA98-43EA-AABB-8A5C8BFC3EDA}
	EndGlobalSection
EndGlobal
