
Microsoft Visual Studio Solution File, Format Version 12.00
# Visual Studio Version 16
VisualStudioVersion = 16.0.32510.428
MinimumVisualStudioVersion = 10.0.40219.1
Project("{FAE04EC0-301F-11D3-BF4B-00C04F79EFBC}") = "ConsoleApp1", "ConsoleApp1.csproj", "{52CB2080-AF21-447D-B7B7-35C71BF415B4}"
EndProject
Global
	GlobalSection(SolutionConfigurationPlatforms) = preSolution
		Debug|Any CPU = Debug|Any CPU
		Release|Any CPU = Release|Any CPU
	EndGlobalSection
	GlobalSection(ProjectConfigurationPlatforms) = postSolution
		{52CB2080-AF21-447D-B7B7-35C71BF415B4}.Debug|Any CPU.ActiveCfg = Debug|Any CPU
		{52CB2080-AF21-447D-B7B7-35C71BF415B4}.Debug|Any CPU.Build.0 = Debug|Any CPU
		{52CB2080-AF21-447D-B7B7-35C71BF415B4}.Release|Any CPU.ActiveCfg = Release|Any CPU
		{52CB2080-AF21-447D-B7B7-35C71BF415B4}.Release|Any CPU.Build.0 = Release|Any CPU
	EndGlobalSection
	GlobalSection(SolutionProperties) = preSolution
		HideSolutionNode = FALSE
	EndGlobalSection
	GlobalSection(ExtensibilityGlobals) = postSolution
		SolutionGuid = {E2377301-FD6A-4B71-9394-7F52B6BB16FB}
	EndGlobalSection
EndGlobal
